
Microsoft Visual Studio Solution File, Format Version 12.00
# Visual Studio 15
VisualStudioVersion = 15.0.28010.2019
MinimumVisualStudioVersion = 10.0.40219.1
Project("{FAE04EC0-301F-11D3-BF4B-00C04F79EFBC}") = "Lab1", "Lab1\Lab1.csproj", "{E747549F-49E2-4767-942C-C8FFCC0DD237}"
EndProject
Global
	GlobalSection(SolutionConfigurationPlatforms) = preSolution
		Debug|Any CPU = Debug|Any CPU
		Release|Any CPU = Release|Any CPU
	EndGlobalSection
	GlobalSection(ProjectConfigurationPlatforms) = postSolution
		{E747549F-49E2-4767-942C-C8FFCC0DD237}.Debug|Any CPU.ActiveCfg = Debug|Any CPU
		{E747549F-49E2-4767-942C-C8FFCC0DD237}.Debug|Any CPU.Build.0 = Debug|Any CPU
		{E747549F-49E2-4767-942C-C8FFCC0DD237}.Release|Any CPU.ActiveCfg = Release|Any CPU
		{E747549F-49E2-4767-942C-C8FFCC0DD237}.Release|Any CPU.Build.0 = Release|Any CPU
	EndGlobalSection
	GlobalSection(SolutionProperties) = preSolution
		HideSolutionNode = FALSE
	EndGlobalSection
	GlobalSection(ExtensibilityGlobals) = postSolution
		SolutionGuid = {A9B95EEE-9A21-434B-9521-D223A6CA5988}
	EndGlobalSection
EndGlobal
